
Microsoft Visual Studio Solution File, Format Version 12.00
# Visual Studio 2013
VisualStudioVersion = 12.0.40629.0
MinimumVisualStudioVersion = 10.0.40219.1
Project("{FAE04EC0-301F-11D3-BF4B-00C04F79EFBC}") = "UnitTestProject", "UnitTestProject\UnitTestProject.csproj", "{90178A28-31E4-4270-B158-AA378A73024D}"
EndProject
Project("{FAE04EC0-301F-11D3-BF4B-00C04F79EFBC}") = "Entities", "Entities\Entities.csproj", "{35ABE947-B8E9-48CF-87B0-FE3C08110006}"
EndProject
Project("{FAE04EC0-301F-11D3-BF4B-00C04F79EFBC}") = "TestAutomation", "TestAutomation\TestAutomation.csproj", "{3220AF41-7F9E-4DBB-B0E2-9B488FEB71E2}"
	ProjectSection(ProjectDependencies) = postProject
		{AAC43736-AE6D-41E0-836C-0823E1E888E4} = {AAC43736-AE6D-41E0-836C-0823E1E888E4}
	EndProjectSection
EndProject
Project("{FAE04EC0-301F-11D3-BF4B-00C04F79EFBC}") = "ServicesAndInterfaces", "ServicesAndInterfaces\ServicesAndInterfaces.csproj", "{AAC43736-AE6D-41E0-836C-0823E1E888E4}"
EndProject
Project("{FAE04EC0-301F-11D3-BF4B-00C04F79EFBC}") = "TestProject", "TestProject\TestProject.csproj", "{CB2822A5-8E9B-4CEF-93FB-C35638E43139}"
EndProject
Global
	GlobalSection(SolutionConfigurationPlatforms) = preSolution
		Debug|Any CPU = Debug|Any CPU
		Release|Any CPU = Release|Any CPU
	EndGlobalSection
	GlobalSection(ProjectConfigurationPlatforms) = postSolution
		{90178A28-31E4-4270-B158-AA378A73024D}.Debug|Any CPU.ActiveCfg = Debug|Any CPU
		{90178A28-31E4-4270-B158-AA378A73024D}.Debug|Any CPU.Build.0 = Debug|Any CPU
		{90178A28-31E4-4270-B158-AA378A73024D}.Release|Any CPU.ActiveCfg = Release|Any CPU
		{90178A28-31E4-4270-B158-AA378A73024D}.Release|Any CPU.Build.0 = Release|Any CPU
		{35ABE947-B8E9-48CF-87B0-FE3C08110006}.Debug|Any CPU.ActiveCfg = Debug|Any CPU
		{35ABE947-B8E9-48CF-87B0-FE3C08110006}.Debug|Any CPU.Build.0 = Debug|Any CPU
		{35ABE947-B8E9-48CF-87B0-FE3C08110006}.Release|Any CPU.ActiveCfg = Release|Any CPU
		{35ABE947-B8E9-48CF-87B0-FE3C08110006}.Release|Any CPU.Build.0 = Release|Any CPU
		{3220AF41-7F9E-4DBB-B0E2-9B488FEB71E2}.Debug|Any CPU.ActiveCfg = Debug|Any CPU
		{3220AF41-7F9E-4DBB-B0E2-9B488FEB71E2}.Debug|Any CPU.Build.0 = Debug|Any CPU
		{3220AF41-7F9E-4DBB-B0E2-9B488FEB71E2}.Release|Any CPU.ActiveCfg = Release|Any CPU
		{3220AF41-7F9E-4DBB-B0E2-9B488FEB71E2}.Release|Any CPU.Build.0 = Release|Any CPU
		{AAC43736-AE6D-41E0-836C-0823E1E888E4}.Debug|Any CPU.ActiveCfg = Debug|Any CPU
		{AAC43736-AE6D-41E0-836C-0823E1E888E4}.Debug|Any CPU.Build.0 = Debug|Any CPU
		{AAC43736-AE6D-41E0-836C-0823E1E888E4}.Release|Any CPU.ActiveCfg = Release|Any CPU
		{AAC43736-AE6D-41E0-836C-0823E1E888E4}.Release|Any CPU.Build.0 = Release|Any CPU
		{CB2822A5-8E9B-4CEF-93FB-C35638E43139}.Debug|Any CPU.ActiveCfg = Debug|Any CPU
		{CB2822A5-8E9B-4CEF-93FB-C35638E43139}.Debug|Any CPU.Build.0 = Debug|Any CPU
		{CB2822A5-8E9B-4CEF-93FB-C35638E43139}.Release|Any CPU.ActiveCfg = Release|Any CPU
		{CB2822A5-8E9B-4CEF-93FB-C35638E43139}.Release|Any CPU.Build.0 = Release|Any CPU
	EndGlobalSection
	GlobalSection(SolutionProperties) = preSolution
		HideSolutionNode = FALSE
	EndGlobalSection
EndGlobal
